
Microsoft Visual Studio Solution File, Format Version 12.00
# Visual Studio Version 17
VisualStudioVersion = 17.7.34009.444
MinimumVisualStudioVersion = 10.0.40219.1
Project("{2150E333-8FDC-42A3-9474-1A3956D46DE8}") = "FrontEnd", "FrontEnd", "{5FC65A50-2481-4207-A45F-96893C7A91EE}"
EndProject
Project("{2150E333-8FDC-42A3-9474-1A3956D46DE8}") = "Services", "Services", "{AD907963-381B-4AE9-86E0-B672AB480BB4}"
EndProject
Project("{FAE04EC0-301F-11D3-BF4B-00C04F79EFBC}") = "GeekStore.Web", "GeekStore.Web\GeekStore.Web.csproj", "{6855B0D2-206A-4428-AAD3-29B8FAE05386}"
EndProject
Project("{FAE04EC0-301F-11D3-BF4B-00C04F79EFBC}") = "GeekStore.ProductAPI", "GeekStore.ProductAPI\GeekStore.ProductAPI.csproj", "{897BEF4D-87F2-4682-AB0E-6CEDE797B63F}"
EndProject
Global
	GlobalSection(SolutionConfigurationPlatforms) = preSolution
		Debug|Any CPU = Debug|Any CPU
		Release|Any CPU = Release|Any CPU
	EndGlobalSection
	GlobalSection(ProjectConfigurationPlatforms) = postSolution
		{6855B0D2-206A-4428-AAD3-29B8FAE05386}.Debug|Any CPU.ActiveCfg = Debug|Any CPU
		{6855B0D2-206A-4428-AAD3-29B8FAE05386}.Debug|Any CPU.Build.0 = Debug|Any CPU
		{6855B0D2-206A-4428-AAD3-29B8FAE05386}.Release|Any CPU.ActiveCfg = Release|Any CPU
		{6855B0D2-206A-4428-AAD3-29B8FAE05386}.Release|Any CPU.Build.0 = Release|Any CPU
		{897BEF4D-87F2-4682-AB0E-6CEDE797B63F}.Debug|Any CPU.ActiveCfg = Debug|Any CPU
		{897BEF4D-87F2-4682-AB0E-6CEDE797B63F}.Debug|Any CPU.Build.0 = Debug|Any CPU
		{897BEF4D-87F2-4682-AB0E-6CEDE797B63F}.Release|Any CPU.ActiveCfg = Release|Any CPU
		{897BEF4D-87F2-4682-AB0E-6CEDE797B63F}.Release|Any CPU.Build.0 = Release|Any CPU
	EndGlobalSection
	GlobalSection(SolutionProperties) = preSolution
		HideSolutionNode = FALSE
	EndGlobalSection
	GlobalSection(NestedProjects) = preSolution
		{6855B0D2-206A-4428-AAD3-29B8FAE05386} = {5FC65A50-2481-4207-A45F-96893C7A91EE}
		{897BEF4D-87F2-4682-AB0E-6CEDE797B63F} = {AD907963-381B-4AE9-86E0-B672AB480BB4}
	EndGlobalSection
	GlobalSection(ExtensibilityGlobals) = postSolution
		SolutionGuid = {A1494FD9-B54C-41D2-AE4B-91A8E1C7857D}
	EndGlobalSection
EndGlobal
